
Microsoft Visual Studio Solution File, Format Version 12.00
# Visual Studio Version 17
VisualStudioVersion = 17.2.32616.157
MinimumVisualStudioVersion = 10.0.40219.1
Project("{9A19103F-16F7-4668-BE54-9A1E7A4F7556}") = "DataAccess", "DataAccess\DataAccess.csproj", "{22145299-D73C-4842-AD96-F55789438932}"
EndProject
Project("{9A19103F-16F7-4668-BE54-9A1E7A4F7556}") = "BusinessObject", "BusinessObject\BusinessObject.csproj", "{F4FB8FF1-C624-4C7C-8960-75401C0F3830}"
EndProject
Project("{2150E333-8FDC-42A3-9474-1A3956D46DE8}") = "2.Business Layer", "2.Business Layer", "{6290B57F-F95F-4868-A3B4-C787F561C02D}"
EndProject
Project("{2150E333-8FDC-42A3-9474-1A3956D46DE8}") = "3.Data Layer", "3.Data Layer", "{87B45D14-94BD-47E0-9A70-BD0CC6BF5B43}"
EndProject
Global
	GlobalSection(SolutionConfigurationPlatforms) = preSolution
		Debug|Any CPU = Debug|Any CPU
		Release|Any CPU = Release|Any CPU
	EndGlobalSection
	GlobalSection(ProjectConfigurationPlatforms) = postSolution
		{22145299-D73C-4842-AD96-F55789438932}.Debug|Any CPU.ActiveCfg = Debug|Any CPU
		{22145299-D73C-4842-AD96-F55789438932}.Debug|Any CPU.Build.0 = Debug|Any CPU
		{22145299-D73C-4842-AD96-F55789438932}.Release|Any CPU.ActiveCfg = Release|Any CPU
		{22145299-D73C-4842-AD96-F55789438932}.Release|Any CPU.Build.0 = Release|Any CPU
		{F4FB8FF1-C624-4C7C-8960-75401C0F3830}.Debug|Any CPU.ActiveCfg = Debug|Any CPU
		{F4FB8FF1-C624-4C7C-8960-75401C0F3830}.Debug|Any CPU.Build.0 = Debug|Any CPU
		{F4FB8FF1-C624-4C7C-8960-75401C0F3830}.Release|Any CPU.ActiveCfg = Release|Any CPU
		{F4FB8FF1-C624-4C7C-8960-75401C0F3830}.Release|Any CPU.Build.0 = Release|Any CPU
	EndGlobalSection
	GlobalSection(SolutionProperties) = preSolution
		HideSolutionNode = FALSE
	EndGlobalSection
	GlobalSection(NestedProjects) = preSolution
		{22145299-D73C-4842-AD96-F55789438932} = {87B45D14-94BD-47E0-9A70-BD0CC6BF5B43}
		{F4FB8FF1-C624-4C7C-8960-75401C0F3830} = {6290B57F-F95F-4868-A3B4-C787F561C02D}
	EndGlobalSection
	GlobalSection(ExtensibilityGlobals) = postSolution
		SolutionGuid = {0F5B6A63-ADB0-49E9-B7A6-0AE744B9F595}
	EndGlobalSection
EndGlobal
